
Microsoft Visual Studio Solution File, Format Version 12.00
# Visual Studio Version 17
VisualStudioVersion = 17.14.36401.2
MinimumVisualStudioVersion = 10.0.40219.1
Project("{FAE04EC0-301F-11D3-BF4B-00C04F79EFBC}") = "TermoTest", "TermoTest\TermoTest.csproj", "{9A17BA60-B921-40CC-98BE-A9AE5ECF0C85}"
EndProject
Project("{FAE04EC0-301F-11D3-BF4B-00C04F79EFBC}") = "TermoApp", "TermoApp\TermoApp.csproj", "{AADEFC6D-2A88-42A1-9F8E-7D65BF80BF39}"
EndProject
Project("{FAE04EC0-301F-11D3-BF4B-00C04F79EFBC}") = "TermoLib", "TermoLib\TermoLib.csproj", "{EBD5FBFF-A2EA-E5BC-B46C-67C5F359AF3F}"
EndProject
Global
	GlobalSection(SolutionConfigurationPlatforms) = preSolution
		Debug|Any CPU = Debug|Any CPU
		Release|Any CPU = Release|Any CPU
	EndGlobalSection
	GlobalSection(ProjectConfigurationPlatforms) = postSolution
		{9A17BA60-B921-40CC-98BE-A9AE5ECF0C85}.Debug|Any CPU.ActiveCfg = Debug|Any CPU
		{9A17BA60-B921-40CC-98BE-A9AE5ECF0C85}.Debug|Any CPU.Build.0 = Debug|Any CPU
		{9A17BA60-B921-40CC-98BE-A9AE5ECF0C85}.Release|Any CPU.ActiveCfg = Release|Any CPU
		{9A17BA60-B921-40CC-98BE-A9AE5ECF0C85}.Release|Any CPU.Build.0 = Release|Any CPU
		{AADEFC6D-2A88-42A1-9F8E-7D65BF80BF39}.Debug|Any CPU.ActiveCfg = Debug|Any CPU
		{AADEFC6D-2A88-42A1-9F8E-7D65BF80BF39}.Debug|Any CPU.Build.0 = Debug|Any CPU
		{AADEFC6D-2A88-42A1-9F8E-7D65BF80BF39}.Release|Any CPU.ActiveCfg = Release|Any CPU
		{AADEFC6D-2A88-42A1-9F8E-7D65BF80BF39}.Release|Any CPU.Build.0 = Release|Any CPU
		{EBD5FBFF-A2EA-E5BC-B46C-67C5F359AF3F}.Debug|Any CPU.ActiveCfg = Debug|Any CPU
		{EBD5FBFF-A2EA-E5BC-B46C-67C5F359AF3F}.Debug|Any CPU.Build.0 = Debug|Any CPU
		{EBD5FBFF-A2EA-E5BC-B46C-67C5F359AF3F}.Release|Any CPU.ActiveCfg = Release|Any CPU
		{EBD5FBFF-A2EA-E5BC-B46C-67C5F359AF3F}.Release|Any CPU.Build.0 = Release|Any CPU
	EndGlobalSection
	GlobalSection(SolutionProperties) = preSolution
		HideSolutionNode = FALSE
	EndGlobalSection
	GlobalSection(ExtensibilityGlobals) = postSolution
		SolutionGuid = {CCA86D44-266E-4DB0-B5C8-05F1860A363A}
	EndGlobalSection
EndGlobal
